
Microsoft Visual Studio Solution File, Format Version 12.00
# Visual Studio Version 17
VisualStudioVersion = 17.9.34701.34
MinimumVisualStudioVersion = 10.0.40219.1
Project("{9A19103F-16F7-4668-BE54-9A1E7A4F7556}") = "OpenTransitFlow.Infra", "OpenTransitFlow.Infra\OpenTransitFlow.Infra.csproj", "{FD3CB6D2-4714-4F62-A2C3-6ECCA9FAB0D4}"
EndProject
Project("{FAE04EC0-301F-11D3-BF4B-00C04F79EFBC}") = "OpenTransitFlow.Demo", "OpenTransitFlow.Demo\OpenTransitFlow.Demo.csproj", "{4E2DD93D-00F2-481A-9908-96BF5AE45AA4}"
EndProject
Project("{FAE04EC0-301F-11D3-BF4B-00C04F79EFBC}") = "OpenTransitFlow.Connection", "OpenTransitFlow.Connection\OpenTransitFlow.Connection.csproj", "{61D10E5F-B1CA-14C7-F98E-398CE571060C}"
EndProject
Global
	GlobalSection(SolutionConfigurationPlatforms) = preSolution
		Debug|Any CPU = Debug|Any CPU
		Release|Any CPU = Release|Any CPU
	EndGlobalSection
	GlobalSection(ProjectConfigurationPlatforms) = postSolution
		{FD3CB6D2-4714-4F62-A2C3-6ECCA9FAB0D4}.Debug|Any CPU.ActiveCfg = Debug|Any CPU
		{FD3CB6D2-4714-4F62-A2C3-6ECCA9FAB0D4}.Debug|Any CPU.Build.0 = Debug|Any CPU
		{FD3CB6D2-4714-4F62-A2C3-6ECCA9FAB0D4}.Release|Any CPU.ActiveCfg = Release|Any CPU
		{FD3CB6D2-4714-4F62-A2C3-6ECCA9FAB0D4}.Release|Any CPU.Build.0 = Release|Any CPU
		{4E2DD93D-00F2-481A-9908-96BF5AE45AA4}.Debug|Any CPU.ActiveCfg = Debug|Any CPU
		{4E2DD93D-00F2-481A-9908-96BF5AE45AA4}.Debug|Any CPU.Build.0 = Debug|Any CPU
		{4E2DD93D-00F2-481A-9908-96BF5AE45AA4}.Release|Any CPU.ActiveCfg = Release|Any CPU
		{4E2DD93D-00F2-481A-9908-96BF5AE45AA4}.Release|Any CPU.Build.0 = Release|Any CPU
		{61D10E5F-B1CA-14C7-F98E-398CE571060C}.Debug|Any CPU.ActiveCfg = Debug|Any CPU
		{61D10E5F-B1CA-14C7-F98E-398CE571060C}.Debug|Any CPU.Build.0 = Debug|Any CPU
		{61D10E5F-B1CA-14C7-F98E-398CE571060C}.Release|Any CPU.ActiveCfg = Release|Any CPU
		{61D10E5F-B1CA-14C7-F98E-398CE571060C}.Release|Any CPU.Build.0 = Release|Any CPU
	EndGlobalSection
	GlobalSection(SolutionProperties) = preSolution
		HideSolutionNode = FALSE
	EndGlobalSection
	GlobalSection(ExtensibilityGlobals) = postSolution
		SolutionGuid = {E6B59AD2-A67A-4D61-8E88-F1090F0A182C}
	EndGlobalSection
EndGlobal
